// !$*UTF8*$!
{
	archiveVersion = 1;
	classes = {
	};
	objectVersion = 51;
	objects = {

/* Begin PBXBuildFile section */
		8BDCB0C7460367FF84E58FDB /* Pods_Paper_AR_KIT.framework in Frameworks */ = {isa = PBXBuildFile; fileRef = 1621A796EC393950E5DE6221 /* Pods_Paper_AR_KIT.framework */; };
		BA467D272396E652008BB05B /* video.mp4 in Resources */ = {isa = PBXBuildFile; fileRef = BA467D262396E652008BB05B /* video.mp4 */; };
		BA467D4C2399E34E008BB05B /* video1.mp4 in Resources */ = {isa = PBXBuildFile; fileRef = BA467D4B2399E34E008BB05B /* video1.mp4 */; };
		BAF7704E238F802C00BE5676 /* AppDelegate.swift in Sources */ = {isa = PBXBuildFile; fileRef = BAF7704D238F802C00BE5676 /* AppDelegate.swift */; };
		BAF77050238F802C00BE5676 /* art.scnassets in Resources */ = {isa = PBXBuildFile; fileRef = BAF7704F238F802C00BE5676 /* art.scnassets */; };
		BAF77052238F802C00BE5676 /* ViewController.swift in Sources */ = {isa = PBXBuildFile; fileRef = BAF77051238F802C00BE5676 /* ViewController.swift */; };
		BAF77055238F802C00BE5676 /* Main.storyboard in Resources */ = {isa = PBXBuildFile; fileRef = BAF77053238F802C00BE5676 /* Main.storyboard */; };
		BAF77057238F802E00BE5676 /* Assets.xcassets in Resources */ = {isa = PBXBuildFile; fileRef = BAF77056238F802E00BE5676 /* Assets.xcassets */; };
		BAF7705A238F802E00BE5676 /* LaunchScreen.storyboard in Resources */ = {isa = PBXBuildFile; fileRef = BAF77058238F802E00BE5676 /* LaunchScreen.storyboard */; };
/* End PBXBuildFile section */

/* Begin PBXFileReference section */
		0FB6E84B03827C5A1CB6ED05 /* Pods-Paper AR-KIT.release.xcconfig */ = {isa = PBXFileReference; includeInIndex = 1; lastKnownFileType = text.xcconfig; name = "Pods-Paper AR-KIT.release.xcconfig"; path = "Target Support Files/Pods-Paper AR-KIT/Pods-Paper AR-KIT.release.xcconfig"; sourceTree = "<group>"; };
		1621A796EC393950E5DE6221 /* Pods_Paper_AR_KIT.framework */ = {isa = PBXFileReference; explicitFileType = wrapper.framework; includeInIndex = 0; path = Pods_Paper_AR_KIT.framework; sourceTree = BUILT_PRODUCTS_DIR; };
		9A623665FAF252DE3E2312A8 /* Pods-Paper AR-KIT.debug.xcconfig */ = {isa = PBXFileReference; includeInIndex = 1; lastKnownFileType = text.xcconfig; name = "Pods-Paper AR-KIT.debug.xcconfig"; path = "Target Support Files/Pods-Paper AR-KIT/Pods-Paper AR-KIT.debug.xcconfig"; sourceTree = "<group>"; };
		BA467D262396E652008BB05B /* video.mp4 */ = {isa = PBXFileReference; lastKnownFileType = file; path = video.mp4; sourceTree = "<group>"; };
		BA467D4B2399E34E008BB05B /* video1.mp4 */ = {isa = PBXFileReference; lastKnownFileType = file; path = video1.mp4; sourceTree = "<group>"; };
		BAF7704A238F802C00BE5676 /* Paper AR-KIT.app */ = {isa = PBXFileReference; explicitFileType = wrapper.application; includeInIndex = 0; path = "Paper AR-KIT.app"; sourceTree = BUILT_PRODUCTS_DIR; };
		BAF7704D238F802C00BE5676 /* AppDelegate.swift */ = {isa = PBXFileReference; lastKnownFileType = sourcecode.swift; path = AppDelegate.swift; sourceTree = "<group>"; };
		BAF7704F238F802C00BE5676 /* art.scnassets */ = {isa = PBXFileReference; lastKnownFileType = wrapper.scnassets; path = art.scnassets; sourceTree = "<group>"; };
		BAF77051238F802C00BE5676 /* ViewController.swift */ = {isa = PBXFileReference; lastKnownFileType = sourcecode.swift; path = ViewController.swift; sourceTree = "<group>"; };
		BAF77054238F802C00BE5676 /* Base */ = {isa = PBXFileReference; lastKnownFileType = file.storyboard; name = Base; path = Base.lproj/Main.storyboard; sourceTree = "<group>"; };
		BAF77056238F802E00BE5676 /* Assets.xcassets */ = {isa = PBXFileReference; lastKnownFileType = folder.assetcatalog; path = Assets.xcassets; sourceTree = "<group>"; };
		BAF77059238F802E00BE5676 /* Base */ = {isa = PBXFileReference; lastKnownFileType = file.storyboard; name = Base; path = Base.lproj/LaunchScreen.storyboard; sourceTree = "<group>"; };
		BAF7705B238F802E00BE5676 /* Info.plist */ = {isa = PBXFileReference; lastKnownFileType = text.plist.xml; path = Info.plist; sourceTree = "<group>"; };
/* End PBXFileReference section */

/* Begin PBXFrameworksBuildPhase section */
		BAF77047238F802C00BE5676 /* Frameworks */ = {
			isa = PBXFrameworksBuildPhase;
			buildActionMask = 2147483647;
			files = (
				8BDCB0C7460367FF84E58FDB /* Pods_Paper_AR_KIT.framework in Frameworks */,
			);
			runOnlyForDeploymentPostprocessing = 0;
		};
/* End PBXFrameworksBuildPhase section */

/* Begin PBXGroup section */
		4167C2F40B283F4D79B6CED5 /* Frameworks */ = {
			isa = PBXGroup;
			children = (
				1621A796EC393950E5DE6221 /* Pods_Paper_AR_KIT.framework */,
			);
			name = Frameworks;
			sourceTree = "<group>";
		};
		BAF77041238F802C00BE5676 = {
			isa = PBXGroup;
			children = (
				BAF7704C238F802C00BE5676 /* Paper AR-KIT */,
				BAF7704B238F802C00BE5676 /* Products */,
				ECB33A1B284D2FE74EC55DB4 /* Pods */,
				4167C2F40B283F4D79B6CED5 /* Frameworks */,
			);
			sourceTree = "<group>";
		};
		BAF7704B238F802C00BE5676 /* Products */ = {
			isa = PBXGroup;
			children = (
				BAF7704A238F802C00BE5676 /* Paper AR-KIT.app */,
			);
			name = Products;
			sourceTree = "<group>";
		};
		BAF7704C238F802C00BE5676 /* Paper AR-KIT */ = {
			isa = PBXGroup;
			children = (
				BAF7704D238F802C00BE5676 /* AppDelegate.swift */,
				BA467D262396E652008BB05B /* video.mp4 */,
				BA467D4B2399E34E008BB05B /* video1.mp4 */,
				BAF7704F238F802C00BE5676 /* art.scnassets */,
				BAF77051238F802C00BE5676 /* ViewController.swift */,
				BAF77053238F802C00BE5676 /* Main.storyboard */,
				BAF77056238F802E00BE5676 /* Assets.xcassets */,
				BAF77058238F802E00BE5676 /* LaunchScreen.storyboard */,
				BAF7705B238F802E00BE5676 /* Info.plist */,
			);
			path = "Paper AR-KIT";
			sourceTree = "<group>";
		};
		ECB33A1B284D2FE74EC55DB4 /* Pods */ = {
			isa = PBXGroup;
			children = (
				9A623665FAF252DE3E2312A8 /* Pods-Paper AR-KIT.debug.xcconfig */,
				0FB6E84B03827C5A1CB6ED05 /* Pods-Paper AR-KIT.release.xcconfig */,
			);
			path = Pods;
			sourceTree = "<group>";
		};
/* End PBXGroup section */

/* Begin PBXNativeTarget section */
		BAF77049238F802C00BE5676 /* Paper AR-KIT */ = {
			isa = PBXNativeTarget;
			buildConfigurationList = BAF7705E238F802E00BE5676 /* Build configuration list for PBXNativeTarget "Paper AR-KIT" */;
			buildPhases = (
				03CFD751557047009F14B3D7 /* [CP] Check Pods Manifest.lock */,
				BAF77046238F802C00BE5676 /* Sources */,
				BAF77047238F802C00BE5676 /* Frameworks */,
				BAF77048238F802C00BE5676 /* Resources */,
				295F1214C4E7FD1BBB74431D /* [CP] Embed Pods Frameworks */,
			);
			buildRules = (
			);
			dependencies = (
			);
			name = "Paper AR-KIT";
			productName = "Paper AR-KIT";
			productReference = BAF7704A238F802C00BE5676 /* Paper AR-KIT.app */;
			productType = "com.apple.product-type.application";
		};
/* End PBXNativeTarget section */

/* Begin PBXProject section */
		BAF77042238F802C00BE5676 /* Project object */ = {
			isa = PBXProject;
			attributes = {
				LastSwiftUpdateCheck = 1030;
				LastUpgradeCheck = 1030;
				ORGANIZATIONNAME = "Himanshu Mehta";
				TargetAttributes = {
					BAF77049238F802C00BE5676 = {
						CreatedOnToolsVersion = 10.3;
					};
				};
			};
			buildConfigurationList = BAF77045238F802C00BE5676 /* Build configuration list for PBXProject "Paper AR-KIT" */;
			compatibilityVersion = "Xcode 9.3";
			developmentRegion = en;
			hasScannedForEncodings = 0;
			knownRegions = (
				en,
				Base,
			);
			mainGroup = BAF77041238F802C00BE5676;
			productRefGroup = BAF7704B238F802C00BE5676 /* Products */;
			projectDirPath = "";
			projectRoot = "";
			targets = (
				BAF77049238F802C00BE5676 /* Paper AR-KIT */,
			);
		};
/* End PBXProject section */

/* Begin PBXResourcesBuildPhase section */
		BAF77048238F802C00BE5676 /* Resources */ = {
			isa = PBXResourcesBuildPhase;
			buildActionMask = 2147483647;
			files = (
				BAF77050238F802C00BE5676 /* art.scnassets in Resources */,
				BA467D272396E652008BB05B /* video.mp4 in Resources */,
				BAF7705A238F802E00BE5676 /* LaunchScreen.storyboard in Resources */,
				BA467D4C2399E34E008BB05B /* video1.mp4 in Resources */,
				BAF77057238F802E00BE5676 /* Assets.xcassets in Resources */,
				BAF77055238F802C00BE5676 /* Main.storyboard in Resources */,
			);
			runOnlyForDeploymentPostprocessing = 0;
		};
/* End PBXResourcesBuildPhase section */

/* Begin PBXShellScriptBuildPhase section */
		03CFD751557047009F14B3D7 /* [CP] Check Pods Manifest.lock */ = {
			isa = PBXShellScriptBuildPhase;
			buildActionMask = 2147483647;
			files = (
			);
			inputFileListPaths = (
			);
			inputPaths = (
				"${PODS_PODFILE_DIR_PATH}/Podfile.lock",
				"${PODS_ROOT}/Manifest.lock",
			);
			name = "[CP] Check Pods Manifest.lock";
			outputFileListPaths = (
			);
			outputPaths = (
				"$(DERIVED_FILE_DIR)/Pods-Paper AR-KIT-checkManifestLockResult.txt",
			);
			runOnlyForDeploymentPostprocessing = 0;
			shellPath = /bin/sh;
			shellScript = "diff \"${PODS_PODFILE_DIR_PATH}/Podfile.lock\" \"${PODS_ROOT}/Manifest.lock\" > /dev/null\nif [ $? != 0 ] ; then\n    # print error to STDERR\n    echo \"error: The sandbox is not in sync with the Podfile.lock. Run 'pod install' or update your CocoaPods installation.\" >&2\n    exit 1\nfi\n# This output is used by Xcode 'outputs' to avoid re-running this script phase.\necho \"SUCCESS\" > \"${SCRIPT_OUTPUT_FILE_0}\"\n";
			showEnvVarsInLog = 0;
		};
		295F1214C4E7FD1BBB74431D /* [CP] Embed Pods Frameworks */ = {
			isa = PBXShellScriptBuildPhase;
			buildActionMask = 2147483647;
			files = (
			);
			inputFileListPaths = (
				"${PODS_ROOT}/Target Support Files/Pods-Paper AR-KIT/Pods-Paper AR-KIT-frameworks-${CONFIGURATION}-input-files.xcfilelist",
			);
			name = "[CP] Embed Pods Frameworks";
			outputFileListPaths = (
				"${PODS_ROOT}/Target Support Files/Pods-Paper AR-KIT/Pods-Paper AR-KIT-frameworks-${CONFIGURATION}-output-files.xcfilelist",
			);
			runOnlyForDeploymentPostprocessing = 0;
			shellPath = /bin/sh;
			shellScript = "\"${PODS_ROOT}/Target Support Files/Pods-Paper AR-KIT/Pods-Paper AR-KIT-frameworks.sh\"\n";
			showEnvVarsInLog = 0;
		};
/* End PBXShellScriptBuildPhase section */

/* Begin PBXSourcesBuildPhase section */
		BAF77046238F802C00BE5676 /* Sources */ = {
			isa = PBXSourcesBuildPhase;
			buildActionMask = 2147483647;
			files = (
				BAF77052238F802C00BE5676 /* ViewController.swift in Sources */,
				BAF7704E238F802C00BE5676 /* AppDelegate.swift in Sources */,
			);
			runOnlyForDeploymentPostprocessing = 0;
		};
/* End PBXSourcesBuildPhase section */

/* Begin PBXVariantGroup section */
		BAF77053238F802C00BE5676 /* Main.storyboard */ = {
			isa = PBXVariantGroup;
			children = (
				BAF77054238F802C00BE5676 /* Base */,
			);
			name = Main.storyboard;
			sourceTree = "<group>";
		};
		BAF77058238F802E00BE5676 /* LaunchScreen.storyboard */ = {
			isa = PBXVariantGroup;
			children = (
				BAF77059238F802E00BE5676 /* Base */,
			);
			name = LaunchScreen.storyboard;
			sourceTree = "<group>";
		};
/* End PBXVariantGroup section */

/* Begin XCBuildConfiguration section */
		BAF7705C238F802E00BE5676 /* Debug */ = {
			isa = XCBuildConfiguration;
			buildSettings = {
				ALWAYS_SEARCH_USER_PATHS = NO;
				CLANG_ANALYZER_NONNULL = YES;
				CLANG_ANALYZER_NUMBER_OBJECT_CONVERSION = YES_AGGRESSIVE;
				CLANG_CXX_LANGUAGE_STANDARD = "gnu++14";
				CLANG_CXX_LIBRARY = "libc++";
				CLANG_ENABLE_MODULES = YES;
				CLANG_ENABLE_OBJC_ARC = YES;
				CLANG_ENABLE_OBJC_WEAK = YES;
				CLANG_WARN_BLOCK_CAPTURE_AUTORELEASING = YES;
				CLANG_WARN_BOOL_CONVERSION = YES;
				CLANG_WARN_COMMA = YES;
				CLANG_WARN_CONSTANT_CONVERSION = YES;
				CLANG_WARN_DEPRECATED_OBJC_IMPLEMENTATIONS = YES;
				CLANG_WARN_DIRECT_OBJC_ISA_USAGE = YES_ERROR;
				CLANG_WARN_DOCUMENTATION_COMMENTS = YES;
				CLANG_WARN_EMPTY_BODY = YES;
				CLANG_WARN_ENUM_CONVERSION = YES;
				CLANG_WARN_INFINITE_RECURSION = YES;
				CLANG_WARN_INT_CONVERSION = YES;
				CLANG_WARN_NON_LITERAL_NULL_CONVERSION = YES;
				CLANG_WARN_OBJC_IMPLICIT_RETAIN_SELF = YES;
				CLANG_WARN_OBJC_LITERAL_CONVERSION = YES;
				CLANG_WARN_OBJC_ROOT_CLASS = YES_ERROR;
				CLANG_WARN_RANGE_LOOP_ANALYSIS = YES;
				CLANG_WARN_STRICT_PROTOTYPES = YES;
				CLANG_WARN_SUSPICIOUS_MOVE = YES;
				CLANG_WARN_UNGUARDED_AVAILABILITY = YES_AGGRESSIVE;
				CLANG_WARN_UNREACHABLE_CODE = YES;
				CLANG_WARN__DUPLICATE_METHOD_MATCH = YES;
				CODE_SIGN_IDENTITY = "iPhone Developer";
				COPY_PHASE_STRIP = NO;
				DEBUG_INFORMATION_FORMAT = dwarf;
				ENABLE_STRICT_OBJC_MSGSEND = YES;
				ENABLE_TESTABILITY = YES;
				GCC_C_LANGUAGE_STANDARD = gnu11;
				GCC_DYNAMIC_NO_PIC = NO;
				GCC_NO_COMMON_BLOCKS = YES;
				GCC_OPTIMIZATION_LEVEL = 0;
				GCC_PREPROCESSOR_DEFINITIONS = (
					"DEBUG=1",
					"$(inherited)",
				);
				GCC_WARN_64_TO_32_BIT_CONVERSION = YES;
				GCC_WARN_ABOUT_RETURN_TYPE = YES_ERROR;
				GCC_WARN_UNDECLARED_SELECTOR = YES;
				GCC_WARN_UNINITIALIZED_AUTOS = YES_AGGRESSIVE;
				GCC_WARN_UNUSED_FUNCTION = YES;
				GCC_WARN_UNUSED_VARIABLE = YES;
				IPHONEOS_DEPLOYMENT_TARGET = 12.4;
				MTL_ENABLE_DEBUG_INFO = INCLUDE_SOURCE;
				MTL_FAST_MATH = YES;
				ONLY_ACTIVE_ARCH = YES;
				SDKROOT = iphoneos;
				SWIFT_ACTIVE_COMPILATION_CONDITIONS = DEBUG;
				SWIFT_OPTIMIZATION_LEVEL = "-Onone";
			};
			name = Debug;
		};
		BAF7705D238F802E00BE5676 /* Release */ = {
			isa = XCBuildConfiguration;
			buildSettings = {
				ALWAYS_SEARCH_USER_PATHS = NO;
				CLANG_ANALYZER_NONNULL = YES;
				CLANG_ANALYZER_NUMBER_OBJECT_CONVERSION = YES_AGGRESSIVE;
				CLANG_CXX_LANGUAGE_STANDARD = "gnu++14";
				CLANG_CXX_LIBRARY = "libc++";
				CLANG_ENABLE_MODULES = YES;
				CLANG_ENABLE_OBJC_ARC = YES;
				CLANG_ENABLE_OBJC_WEAK = YES;
				CLANG_WARN_BLOCK_CAPTURE_AUTORELEASING = YES;
				CLANG_WARN_BOOL_CONVERSION = YES;
				CLANG_WARN_COMMA = YES;
				CLANG_WARN_CONSTANT_CONVERSION = YES;
				CLANG_WARN_DEPRECATED_OBJC_IMPLEMENTATIONS = YES;
				CLANG_WARN_DIRECT_OBJC_ISA_USAGE = YES_ERROR;
				CLANG_WARN_DOCUMENTATION_COMMENTS = YES;
				CLANG_WARN_EMPTY_BODY = YES;
				CLANG_WARN_ENUM_CONVERSION = YES;
				CLANG_WARN_INFINITE_RECURSION = YES;
				CLANG_WARN_INT_CONVERSION = YES;
				CLANG_WARN_NON_LITERAL_NULL_CONVERSION = YES;
				CLANG_WARN_OBJC_IMPLICIT_RETAIN_SELF = YES;
				CLANG_WARN_OBJC_LITERAL_CONVERSION = YES;
				CLANG_WARN_OBJC_ROOT_CLASS = YES_ERROR;
				CLANG_WARN_RANGE_LOOP_ANALYSIS = YES;
				CLANG_WARN_STRICT_PROTOTYPES = YES;
				CLANG_WARN_SUSPICIOUS_MOVE = YES;
				CLANG_WARN_UNGUARDED_AVAILABILITY = YES_AGGRESSIVE;
				CLANG_WARN_UNREACHABLE_CODE = YES;
				CLANG_WARN__DUPLICATE_METHOD_MATCH = YES;
				CODE_SIGN_IDENTITY = "iPhone Developer";
				COPY_PHASE_STRIP = NO;
				DEBUG_INFORMATION_FORMAT = "dwarf-with-dsym";
				ENABLE_NS_ASSERTIONS = NO;
				ENABLE_STRICT_OBJC_MSGSEND = YES;
				GCC_C_LANGUAGE_STANDARD = gnu11;
				GCC_NO_COMMON_BLOCKS = YES;
				GCC_WARN_64_TO_32_BIT_CONVERSION = YES;
				GCC_WARN_ABOUT_RETURN_TYPE = YES_ERROR;
				GCC_WARN_UNDECLARED_SELECTOR = YES;
				GCC_WARN_UNINITIALIZED_AUTOS = YES_AGGRESSIVE;
				GCC_WARN_UNUSED_FUNCTION = YES;
				GCC_WARN_UNUSED_VARIABLE = YES;
				IPHONEOS_DEPLOYMENT_TARGET = 12.4;
				MTL_ENABLE_DEBUG_INFO = NO;
				MTL_FAST_MATH = YES;
				SDKROOT = iphoneos;
				SWIFT_COMPILATION_MODE = wholemodule;
				SWIFT_OPTIMIZATION_LEVEL = "-O";
				VALIDATE_PRODUCT = YES;
			};
			name = Release;
		};
		BAF7705F238F802E00BE5676 /* Debug */ = {
			isa = XCBuildConfiguration;
			baseConfigurationReference = 9A623665FAF252DE3E2312A8 /* Pods-Paper AR-KIT.debug.xcconfig */;
			buildSettings = {
				ASSETCATALOG_COMPILER_APPICON_NAME = AppIcon;
				CODE_SIGN_IDENTITY = "Apple Development";
				CODE_SIGN_STYLE = Automatic;
				DEVELOPMENT_TEAM = 47KBUSC3QN;
				INFOPLIST_FILE = "Paper AR-KIT/Info.plist";
				LD_RUNPATH_SEARCH_PATHS = (
					"$(inherited)",
					"@executable_path/Frameworks",
				);
				PRODUCT_BUNDLE_IDENTIFIER = "himu.Paper-AR-KITt";
				PRODUCT_NAME = "$(TARGET_NAME)";
				PROVISIONING_PROFILE_SPECIFIER = "";
				SWIFT_VERSION = 5.0;
				TARGETED_DEVICE_FAMILY = 1;
			};
			name = Debug;
		};
		BAF77060238F802E00BE5676 /* Release */ = {
			isa = XCBuildConfiguration;
			baseConfigurationReference = 0FB6E84B03827C5A1CB6ED05 /* Pods-Paper AR-KIT.release.xcconfig */;
			buildSettings = {
				ASSETCATALOG_COMPILER_APPICON_NAME = AppIcon;
				CODE_SIGN_IDENTITY = "Apple Development";
				CODE_SIGN_STYLE = Automatic;
				DEVELOPMENT_TEAM = 47KBUSC3QN;
				INFOPLIST_FILE = "Paper AR-KIT/Info.plist";
				LD_RUNPATH_SEARCH_PATHS = (
					"$(inherited)",
					"@executable_path/Frameworks",
				);
				PRODUCT_BUNDLE_IDENTIFIER = "himu.Paper-AR-KITt";
				PRODUCT_NAME = "$(TARGET_NAME)";
				PROVISIONING_PROFILE_SPECIFIER = "";
				SWIFT_VERSION = 5.0;
				TARGETED_DEVICE_FAMILY = 1;
			};
			name = Release;
		};
/* End XCBuildConfiguration section */

/* Begin XCConfigurationList section */
		BAF77045238F802C00BE5676 /* Build configuration list for PBXProject "Paper AR-KIT" */ = {
			isa = XCConfigurationList;
			buildConfigurations = (
				BAF7705C238F802E00BE5676 /* Debug */,
				BAF7705D238F802E00BE5676 /* Release */,
			);
			defaultConfigurationIsVisible = 0;
			defaultConfigurationName = Release;
		};
		BAF7705E238F802E00BE5676 /* Build configuration list for PBXNativeTarget "Paper AR-KIT" */ = {
			isa = XCConfigurationList;
			buildConfigurations = (
				BAF7705F238F802E00BE5676 /* Debug */,
				BAF77060238F802E00BE5676 /* Release */,
			);
			defaultConfigurationIsVisible = 0;
			defaultConfigurationName = Release;
		};
/* End XCConfigurationList section */
	};
	rootObject = BAF77042238F802C00BE5676 /* Project object */;
}
